
Microsoft Visual Studio Solution File, Format Version 12.00
# Visual Studio Version 17
VisualStudioVersion = 17.4.33213.308
MinimumVisualStudioVersion = 10.0.40219.1
Project("{FAE04EC0-301F-11D3-BF4B-00C04F79EFBC}") = "yashsachdev.CodingTracker", "yashsachdev.CodingTracker.csproj", "{09FBAB3C-A106-483C-A603-D42608BA7ADA}"
EndProject
Global
	GlobalSection(SolutionConfigurationPlatforms) = preSolution
		Debug|Any CPU = Debug|Any CPU
		Release|Any CPU = Release|Any CPU
	EndGlobalSection
	GlobalSection(ProjectConfigurationPlatforms) = postSolution
		{09FBAB3C-A106-483C-A603-D42608BA7ADA}.Debug|Any CPU.ActiveCfg = Debug|Any CPU
		{09FBAB3C-A106-483C-A603-D42608BA7ADA}.Debug|Any CPU.Build.0 = Debug|Any CPU
		{09FBAB3C-A106-483C-A603-D42608BA7ADA}.Release|Any CPU.ActiveCfg = Release|Any CPU
		{09FBAB3C-A106-483C-A603-D42608BA7ADA}.Release|Any CPU.Build.0 = Release|Any CPU
	EndGlobalSection
	GlobalSection(SolutionProperties) = preSolution
		HideSolutionNode = FALSE
	EndGlobalSection
	GlobalSection(ExtensibilityGlobals) = postSolution
		SolutionGuid = {DED14861-EE36-4E05-96C9-4688840D923C}
	EndGlobalSection
EndGlobal
